// !$*UTF8*$!
{
	archiveVersion = 1;
	classes = {
	};
	objectVersion = 50;
	objects = {

/* Begin PBXBuildFile section */
		9E5D47DD25B5FA77009F0C48 /* AppDelegate.swift in Sources */ = {isa = PBXBuildFile; fileRef = 9E5D47DC25B5FA77009F0C48 /* AppDelegate.swift */; };
		9E5D47E425B5FA7B009F0C48 /* Assets.xcassets in Resources */ = {isa = PBXBuildFile; fileRef = 9E5D47E325B5FA7B009F0C48 /* Assets.xcassets */; };
		9E5D47EF25B5FA7B009F0C48 /* AuthAutofillTests.swift in Sources */ = {isa = PBXBuildFile; fileRef = 9E5D47EE25B5FA7B009F0C48 /* AuthAutofillTests.swift */; };
		9E5D47FA25B5FA7B009F0C48 /* AuthAutofillUITests.swift in Sources */ = {isa = PBXBuildFile; fileRef = 9E5D47F925B5FA7B009F0C48 /* AuthAutofillUITests.swift */; };
		9E5D480125B5FA7B009F0C48 /* AuthAutofill Extension.appex in Embed App Extensions */ = {isa = PBXBuildFile; fileRef = 9E5D480025B5FA7B009F0C48 /* AuthAutofill Extension.appex */; settings = {ATTRIBUTES = (RemoveHeadersOnCopy, ); }; };
		9E5D480625B5FA7B009F0C48 /* Cocoa.framework in Frameworks */ = {isa = PBXBuildFile; fileRef = 9E5D480525B5FA7B009F0C48 /* Cocoa.framework */; };
		9E5D480925B5FA7B009F0C48 /* SafariWebExtensionHandler.swift in Sources */ = {isa = PBXBuildFile; fileRef = 9E5D480825B5FA7B009F0C48 /* SafariWebExtensionHandler.swift */; };
		9E5D480C25B5FA7C009F0C48 /* _locales in Resources */ = {isa = PBXBuildFile; fileRef = 9E5D480B25B5FA7C009F0C48 /* _locales */; };
		9E5D480E25B5FA82009F0C48 /* images in Resources */ = {isa = PBXBuildFile; fileRef = 9E5D480D25B5FA82009F0C48 /* images */; };
		9E5D481025B5FA82009F0C48 /* manifest.json in Resources */ = {isa = PBXBuildFile; fileRef = 9E5D480F25B5FA82009F0C48 /* manifest.json */; };
		9E5D481425B5FA82009F0C48 /* content.js in Resources */ = {isa = PBXBuildFile; fileRef = 9E5D481325B5FA82009F0C48 /* content.js */; };
		9E5D481625B5FA82009F0C48 /* popup.html in Resources */ = {isa = PBXBuildFile; fileRef = 9E5D481525B5FA82009F0C48 /* popup.html */; };
		9E5D481825B5FA82009F0C48 /* popup.css in Resources */ = {isa = PBXBuildFile; fileRef = 9E5D481725B5FA82009F0C48 /* popup.css */; };
		9E5D481A25B5FA82009F0C48 /* popup.js in Resources */ = {isa = PBXBuildFile; fileRef = 9E5D481925B5FA82009F0C48 /* popup.js */; };
		9E5D483625B7A794009F0C48 /* background.js in Resources */ = {isa = PBXBuildFile; fileRef = 9E5D483525B7A794009F0C48 /* background.js */; };
		9E5D486D25BC0C53009F0C48 /* Assets.xcassets in Resources */ = {isa = PBXBuildFile; fileRef = 9E5D47E325B5FA7B009F0C48 /* Assets.xcassets */; };
		9E5D487225BC0C55009F0C48 /* Assets.xcassets in Resources */ = {isa = PBXBuildFile; fileRef = 9E5D47E325B5FA7B009F0C48 /* Assets.xcassets */; };
		9E5D487725BC0C56009F0C48 /* Assets.xcassets in Resources */ = {isa = PBXBuildFile; fileRef = 9E5D47E325B5FA7B009F0C48 /* Assets.xcassets */; };
		9EADBD4F25BC5BC9001B4A97 /* Main.storyboard in Resources */ = {isa = PBXBuildFile; fileRef = 9EADBD4E25BC5BC7001B4A97 /* Main.storyboard */; };
		9EADBD5D25BC5D73001B4A97 /* ViewController.swift in Sources */ = {isa = PBXBuildFile; fileRef = 9EADBD5C25BC5D73001B4A97 /* ViewController.swift */; };
		9EADBD7325BC60A3001B4A97 /* en.lproj in Resources */ = {isa = PBXBuildFile; fileRef = 9EADBD7225BC60A2001B4A97 /* en.lproj */; };
		9EADBD7925BC60AB001B4A97 /* ko.lproj in Resources */ = {isa = PBXBuildFile; fileRef = 9EADBD7825BC60AA001B4A97 /* ko.lproj */; };
/* End PBXBuildFile section */

/* Begin PBXContainerItemProxy section */
		9E5D47EB25B5FA7B009F0C48 /* PBXContainerItemProxy */ = {
			isa = PBXContainerItemProxy;
			containerPortal = 9E5D47D025B5FA77009F0C48 /* Project object */;
			proxyType = 1;
			remoteGlobalIDString = 9E5D47D725B5FA77009F0C48;
			remoteInfo = AuthAutofill;
		};
		9E5D47F625B5FA7B009F0C48 /* PBXContainerItemProxy */ = {
			isa = PBXContainerItemProxy;
			containerPortal = 9E5D47D025B5FA77009F0C48 /* Project object */;
			proxyType = 1;
			remoteGlobalIDString = 9E5D47D725B5FA77009F0C48;
			remoteInfo = AuthAutofill;
		};
		9E5D480225B5FA7B009F0C48 /* PBXContainerItemProxy */ = {
			isa = PBXContainerItemProxy;
			containerPortal = 9E5D47D025B5FA77009F0C48 /* Project object */;
			proxyType = 1;
			remoteGlobalIDString = 9E5D47FF25B5FA7B009F0C48;
			remoteInfo = "AuthAutofill Extension";
		};
/* End PBXContainerItemProxy section */

/* Begin PBXCopyFilesBuildPhase section */
		9E5D482225B5FA82009F0C48 /* Embed App Extensions */ = {
			isa = PBXCopyFilesBuildPhase;
			buildActionMask = 2147483647;
			dstPath = "";
			dstSubfolderSpec = 13;
			files = (
				9E5D480125B5FA7B009F0C48 /* AuthAutofill Extension.appex in Embed App Extensions */,
			);
			name = "Embed App Extensions";
			runOnlyForDeploymentPostprocessing = 0;
		};
/* End PBXCopyFilesBuildPhase section */

/* Begin PBXFileReference section */
		9E5D47D825B5FA77009F0C48 /* AuthAutofill.app */ = {isa = PBXFileReference; explicitFileType = wrapper.application; includeInIndex = 0; path = AuthAutofill.app; sourceTree = BUILT_PRODUCTS_DIR; };
		9E5D47DB25B5FA77009F0C48 /* AuthAutofill.entitlements */ = {isa = PBXFileReference; lastKnownFileType = text.plist.entitlements; path = AuthAutofill.entitlements; sourceTree = "<group>"; };
		9E5D47DC25B5FA77009F0C48 /* AppDelegate.swift */ = {isa = PBXFileReference; lastKnownFileType = sourcecode.swift; path = AppDelegate.swift; sourceTree = "<group>"; };
		9E5D47E325B5FA7B009F0C48 /* Assets.xcassets */ = {isa = PBXFileReference; lastKnownFileType = folder.assetcatalog; path = Assets.xcassets; sourceTree = "<group>"; };
		9E5D47EA25B5FA7B009F0C48 /* AuthAutofillTests.xctest */ = {isa = PBXFileReference; explicitFileType = wrapper.cfbundle; includeInIndex = 0; path = AuthAutofillTests.xctest; sourceTree = BUILT_PRODUCTS_DIR; };
		9E5D47EE25B5FA7B009F0C48 /* AuthAutofillTests.swift */ = {isa = PBXFileReference; lastKnownFileType = sourcecode.swift; path = AuthAutofillTests.swift; sourceTree = "<group>"; };
		9E5D47F025B5FA7B009F0C48 /* Info.plist */ = {isa = PBXFileReference; lastKnownFileType = text.plist.xml; path = Info.plist; sourceTree = "<group>"; };
		9E5D47F525B5FA7B009F0C48 /* AuthAutofillUITests.xctest */ = {isa = PBXFileReference; explicitFileType = wrapper.cfbundle; includeInIndex = 0; path = AuthAutofillUITests.xctest; sourceTree = BUILT_PRODUCTS_DIR; };
		9E5D47F925B5FA7B009F0C48 /* AuthAutofillUITests.swift */ = {isa = PBXFileReference; lastKnownFileType = sourcecode.swift; path = AuthAutofillUITests.swift; sourceTree = "<group>"; };
		9E5D47FB25B5FA7B009F0C48 /* Info.plist */ = {isa = PBXFileReference; lastKnownFileType = text.plist.xml; path = Info.plist; sourceTree = "<group>"; };
		9E5D480025B5FA7B009F0C48 /* AuthAutofill Extension.appex */ = {isa = PBXFileReference; explicitFileType = "wrapper.app-extension"; includeInIndex = 0; path = "AuthAutofill Extension.appex"; sourceTree = BUILT_PRODUCTS_DIR; };
		9E5D480525B5FA7B009F0C48 /* Cocoa.framework */ = {isa = PBXFileReference; lastKnownFileType = wrapper.framework; name = Cocoa.framework; path = System/Library/Frameworks/Cocoa.framework; sourceTree = SDKROOT; };
		9E5D480825B5FA7B009F0C48 /* SafariWebExtensionHandler.swift */ = {isa = PBXFileReference; lastKnownFileType = sourcecode.swift; path = SafariWebExtensionHandler.swift; sourceTree = "<group>"; };
		9E5D480B25B5FA7C009F0C48 /* _locales */ = {isa = PBXFileReference; lastKnownFileType = folder; path = _locales; sourceTree = "<group>"; };
		9E5D480D25B5FA82009F0C48 /* images */ = {isa = PBXFileReference; lastKnownFileType = folder; path = images; sourceTree = "<group>"; };
		9E5D480F25B5FA82009F0C48 /* manifest.json */ = {isa = PBXFileReference; lastKnownFileType = text.json; path = manifest.json; sourceTree = "<group>"; };
		9E5D481325B5FA82009F0C48 /* content.js */ = {isa = PBXFileReference; lastKnownFileType = sourcecode.javascript; path = content.js; sourceTree = "<group>"; };
		9E5D481525B5FA82009F0C48 /* popup.html */ = {isa = PBXFileReference; lastKnownFileType = text.html; path = popup.html; sourceTree = "<group>"; };
		9E5D481725B5FA82009F0C48 /* popup.css */ = {isa = PBXFileReference; lastKnownFileType = text.css; path = popup.css; sourceTree = "<group>"; };
		9E5D481925B5FA82009F0C48 /* popup.js */ = {isa = PBXFileReference; lastKnownFileType = sourcecode.javascript; path = popup.js; sourceTree = "<group>"; };
		9E5D481B25B5FA82009F0C48 /* Info.plist */ = {isa = PBXFileReference; lastKnownFileType = text.plist.xml; path = Info.plist; sourceTree = "<group>"; };
		9E5D481C25B5FA82009F0C48 /* AuthAutofill_Extension.entitlements */ = {isa = PBXFileReference; lastKnownFileType = text.plist.entitlements; path = AuthAutofill_Extension.entitlements; sourceTree = "<group>"; };
		9E5D483525B7A794009F0C48 /* background.js */ = {isa = PBXFileReference; lastKnownFileType = sourcecode.javascript; path = background.js; sourceTree = "<group>"; };
		9EADBD4E25BC5BC7001B4A97 /* Main.storyboard */ = {isa = PBXFileReference; fileEncoding = 4; lastKnownFileType = file.storyboard; path = Main.storyboard; sourceTree = "<group>"; };
		9EADBD5C25BC5D73001B4A97 /* ViewController.swift */ = {isa = PBXFileReference; fileEncoding = 4; lastKnownFileType = sourcecode.swift; path = ViewController.swift; sourceTree = "<group>"; };
		9EADBD7225BC60A2001B4A97 /* en.lproj */ = {isa = PBXFileReference; lastKnownFileType = folder; path = en.lproj; sourceTree = "<group>"; };
		9EADBD7825BC60AA001B4A97 /* ko.lproj */ = {isa = PBXFileReference; lastKnownFileType = folder; path = ko.lproj; sourceTree = "<group>"; };
/* End PBXFileReference section */

/* Begin PBXFrameworksBuildPhase section */
		9E5D47D525B5FA77009F0C48 /* Frameworks */ = {
			isa = PBXFrameworksBuildPhase;
			buildActionMask = 2147483647;
			files = (
			);
			runOnlyForDeploymentPostprocessing = 0;
		};
		9E5D47E725B5FA7B009F0C48 /* Frameworks */ = {
			isa = PBXFrameworksBuildPhase;
			buildActionMask = 2147483647;
			files = (
			);
			runOnlyForDeploymentPostprocessing = 0;
		};
		9E5D47F225B5FA7B009F0C48 /* Frameworks */ = {
			isa = PBXFrameworksBuildPhase;
			buildActionMask = 2147483647;
			files = (
			);
			runOnlyForDeploymentPostprocessing = 0;
		};
		9E5D47FD25B5FA7B009F0C48 /* Frameworks */ = {
			isa = PBXFrameworksBuildPhase;
			buildActionMask = 2147483647;
			files = (
				9E5D480625B5FA7B009F0C48 /* Cocoa.framework in Frameworks */,
			);
			runOnlyForDeploymentPostprocessing = 0;
		};
/* End PBXFrameworksBuildPhase section */

/* Begin PBXGroup section */
		9E5D47CF25B5FA77009F0C48 = {
			isa = PBXGroup;
			children = (
				9E5D47DA25B5FA77009F0C48 /* AuthAutofill */,
				9E5D47ED25B5FA7B009F0C48 /* AuthAutofillTests */,
				9E5D47F825B5FA7B009F0C48 /* AuthAutofillUITests */,
				9E5D480725B5FA7B009F0C48 /* AuthAutofill Extension */,
				9E5D480425B5FA7B009F0C48 /* Frameworks */,
				9E5D47D925B5FA77009F0C48 /* Products */,
			);
			sourceTree = "<group>";
		};
		9E5D47D925B5FA77009F0C48 /* Products */ = {
			isa = PBXGroup;
			children = (
				9E5D47D825B5FA77009F0C48 /* AuthAutofill.app */,
				9E5D47EA25B5FA7B009F0C48 /* AuthAutofillTests.xctest */,
				9E5D47F525B5FA7B009F0C48 /* AuthAutofillUITests.xctest */,
				9E5D480025B5FA7B009F0C48 /* AuthAutofill Extension.appex */,
			);
			name = Products;
			sourceTree = "<group>";
		};
		9E5D47DA25B5FA77009F0C48 /* AuthAutofill */ = {
			isa = PBXGroup;
			children = (
				9E5D47DB25B5FA77009F0C48 /* AuthAutofill.entitlements */,
				9E5D47DC25B5FA77009F0C48 /* AppDelegate.swift */,
				9EADBD5C25BC5D73001B4A97 /* ViewController.swift */,
				9E5D47E325B5FA7B009F0C48 /* Assets.xcassets */,
				9EADBD4E25BC5BC7001B4A97 /* Main.storyboard */,
				9EADBD7825BC60AA001B4A97 /* ko.lproj */,
				9EADBD7225BC60A2001B4A97 /* en.lproj */,
			);
			path = AuthAutofill;
			sourceTree = "<group>";
		};
		9E5D47ED25B5FA7B009F0C48 /* AuthAutofillTests */ = {
			isa = PBXGroup;
			children = (
				9E5D47EE25B5FA7B009F0C48 /* AuthAutofillTests.swift */,
				9E5D47F025B5FA7B009F0C48 /* Info.plist */,
			);
			path = AuthAutofillTests;
			sourceTree = "<group>";
		};
		9E5D47F825B5FA7B009F0C48 /* AuthAutofillUITests */ = {
			isa = PBXGroup;
			children = (
				9E5D47F925B5FA7B009F0C48 /* AuthAutofillUITests.swift */,
				9E5D47FB25B5FA7B009F0C48 /* Info.plist */,
			);
			path = AuthAutofillUITests;
			sourceTree = "<group>";
		};
		9E5D480425B5FA7B009F0C48 /* Frameworks */ = {
			isa = PBXGroup;
			children = (
				9E5D480525B5FA7B009F0C48 /* Cocoa.framework */,
			);
			name = Frameworks;
			sourceTree = "<group>";
		};
		9E5D480725B5FA7B009F0C48 /* AuthAutofill Extension */ = {
			isa = PBXGroup;
			children = (
				9E5D480825B5FA7B009F0C48 /* SafariWebExtensionHandler.swift */,
				9E5D481B25B5FA82009F0C48 /* Info.plist */,
				9E5D481C25B5FA82009F0C48 /* AuthAutofill_Extension.entitlements */,
				9E5D480A25B5FA7C009F0C48 /* Resources */,
			);
			path = "AuthAutofill Extension";
			sourceTree = "<group>";
		};
		9E5D480A25B5FA7C009F0C48 /* Resources */ = {
			isa = PBXGroup;
			children = (
				9E5D480B25B5FA7C009F0C48 /* _locales */,
				9E5D480D25B5FA82009F0C48 /* images */,
				9E5D480F25B5FA82009F0C48 /* manifest.json */,
				9E5D483525B7A794009F0C48 /* background.js */,
				9E5D481325B5FA82009F0C48 /* content.js */,
				9E5D481525B5FA82009F0C48 /* popup.html */,
				9E5D481725B5FA82009F0C48 /* popup.css */,
				9E5D481925B5FA82009F0C48 /* popup.js */,
			);
			path = Resources;
			sourceTree = "<group>";
		};
/* End PBXGroup section */

/* Begin PBXNativeTarget section */
		9E5D47D725B5FA77009F0C48 /* AuthAutofill */ = {
			isa = PBXNativeTarget;
			buildConfigurationList = 9E5D482325B5FA82009F0C48 /* Build configuration list for PBXNativeTarget "AuthAutofill" */;
			buildPhases = (
				9E5D47D425B5FA77009F0C48 /* Sources */,
				9E5D47D525B5FA77009F0C48 /* Frameworks */,
				9E5D47D625B5FA77009F0C48 /* Resources */,
				9E5D482225B5FA82009F0C48 /* Embed App Extensions */,
			);
			buildRules = (
			);
			dependencies = (
				9E5D480325B5FA7B009F0C48 /* PBXTargetDependency */,
			);
			name = AuthAutofill;
			productName = AuthAutofill;
			productReference = 9E5D47D825B5FA77009F0C48 /* AuthAutofill.app */;
			productType = "com.apple.product-type.application";
		};
		9E5D47E925B5FA7B009F0C48 /* AuthAutofillTests */ = {
			isa = PBXNativeTarget;
			buildConfigurationList = 9E5D482625B5FA82009F0C48 /* Build configuration list for PBXNativeTarget "AuthAutofillTests" */;
			buildPhases = (
				9E5D47E625B5FA7B009F0C48 /* Sources */,
				9E5D47E725B5FA7B009F0C48 /* Frameworks */,
				9E5D47E825B5FA7B009F0C48 /* Resources */,
			);
			buildRules = (
			);
			dependencies = (
				9E5D47EC25B5FA7B009F0C48 /* PBXTargetDependency */,
			);
			name = AuthAutofillTests;
			productName = AuthAutofillTests;
			productReference = 9E5D47EA25B5FA7B009F0C48 /* AuthAutofillTests.xctest */;
			productType = "com.apple.product-type.bundle.unit-test";
		};
		9E5D47F425B5FA7B009F0C48 /* AuthAutofillUITests */ = {
			isa = PBXNativeTarget;
			buildConfigurationList = 9E5D482925B5FA82009F0C48 /* Build configuration list for PBXNativeTarget "AuthAutofillUITests" */;
			buildPhases = (
				9E5D47F125B5FA7B009F0C48 /* Sources */,
				9E5D47F225B5FA7B009F0C48 /* Frameworks */,
				9E5D47F325B5FA7B009F0C48 /* Resources */,
			);
			buildRules = (
			);
			dependencies = (
				9E5D47F725B5FA7B009F0C48 /* PBXTargetDependency */,
			);
			name = AuthAutofillUITests;
			productName = AuthAutofillUITests;
			productReference = 9E5D47F525B5FA7B009F0C48 /* AuthAutofillUITests.xctest */;
			productType = "com.apple.product-type.bundle.ui-testing";
		};
		9E5D47FF25B5FA7B009F0C48 /* AuthAutofill Extension */ = {
			isa = PBXNativeTarget;
			buildConfigurationList = 9E5D481F25B5FA82009F0C48 /* Build configuration list for PBXNativeTarget "AuthAutofill Extension" */;
			buildPhases = (
				9E5D47FC25B5FA7B009F0C48 /* Sources */,
				9E5D47FD25B5FA7B009F0C48 /* Frameworks */,
				9E5D47FE25B5FA7B009F0C48 /* Resources */,
			);
			buildRules = (
			);
			dependencies = (
			);
			name = "AuthAutofill Extension";
			productName = "AuthAutofill Extension";
			productReference = 9E5D480025B5FA7B009F0C48 /* AuthAutofill Extension.appex */;
			productType = "com.apple.product-type.app-extension";
		};
/* End PBXNativeTarget section */

/* Begin PBXProject section */
		9E5D47D025B5FA77009F0C48 /* Project object */ = {
			isa = PBXProject;
			attributes = {
				LastSwiftUpdateCheck = 1230;
				LastUpgradeCheck = 1230;
				TargetAttributes = {
					9E5D47D725B5FA77009F0C48 = {
						CreatedOnToolsVersion = 12.3;
					};
					9E5D47E925B5FA7B009F0C48 = {
						CreatedOnToolsVersion = 12.3;
						TestTargetID = 9E5D47D725B5FA77009F0C48;
					};
					9E5D47F425B5FA7B009F0C48 = {
						CreatedOnToolsVersion = 12.3;
						TestTargetID = 9E5D47D725B5FA77009F0C48;
					};
					9E5D47FF25B5FA7B009F0C48 = {
						CreatedOnToolsVersion = 12.3;
					};
				};
			};
			buildConfigurationList = 9E5D47D325B5FA77009F0C48 /* Build configuration list for PBXProject "AuthAutofill" */;
			compatibilityVersion = "Xcode 9.3";
			developmentRegion = en;
			hasScannedForEncodings = 0;
			knownRegions = (
				en,
				Base,
				ko,
			);
			mainGroup = 9E5D47CF25B5FA77009F0C48;
			productRefGroup = 9E5D47D925B5FA77009F0C48 /* Products */;
			projectDirPath = "";
			projectRoot = "";
			targets = (
				9E5D47D725B5FA77009F0C48 /* AuthAutofill */,
				9E5D47E925B5FA7B009F0C48 /* AuthAutofillTests */,
				9E5D47F425B5FA7B009F0C48 /* AuthAutofillUITests */,
				9E5D47FF25B5FA7B009F0C48 /* AuthAutofill Extension */,
			);
		};
/* End PBXProject section */

/* Begin PBXResourcesBuildPhase section */
		9E5D47D625B5FA77009F0C48 /* Resources */ = {
			isa = PBXResourcesBuildPhase;
			buildActionMask = 2147483647;
			files = (
				9EADBD4F25BC5BC9001B4A97 /* Main.storyboard in Resources */,
				9EADBD7325BC60A3001B4A97 /* en.lproj in Resources */,
				9E5D47E425B5FA7B009F0C48 /* Assets.xcassets in Resources */,
				9EADBD7925BC60AB001B4A97 /* ko.lproj in Resources */,
			);
			runOnlyForDeploymentPostprocessing = 0;
		};
		9E5D47E825B5FA7B009F0C48 /* Resources */ = {
			isa = PBXResourcesBuildPhase;
			buildActionMask = 2147483647;
			files = (
				9E5D487225BC0C55009F0C48 /* Assets.xcassets in Resources */,
			);
			runOnlyForDeploymentPostprocessing = 0;
		};
		9E5D47F325B5FA7B009F0C48 /* Resources */ = {
			isa = PBXResourcesBuildPhase;
			buildActionMask = 2147483647;
			files = (
				9E5D486D25BC0C53009F0C48 /* Assets.xcassets in Resources */,
			);
			runOnlyForDeploymentPostprocessing = 0;
		};
		9E5D47FE25B5FA7B009F0C48 /* Resources */ = {
			isa = PBXResourcesBuildPhase;
			buildActionMask = 2147483647;
			files = (
				9E5D483625B7A794009F0C48 /* background.js in Resources */,
				9E5D481825B5FA82009F0C48 /* popup.css in Resources */,
				9E5D481625B5FA82009F0C48 /* popup.html in Resources */,
				9E5D480E25B5FA82009F0C48 /* images in Resources */,
				9E5D481025B5FA82009F0C48 /* manifest.json in Resources */,
				9E5D480C25B5FA7C009F0C48 /* _locales in Resources */,
				9E5D481425B5FA82009F0C48 /* content.js in Resources */,
				9E5D487725BC0C56009F0C48 /* Assets.xcassets in Resources */,
				9E5D481A25B5FA82009F0C48 /* popup.js in Resources */,
			);
			runOnlyForDeploymentPostprocessing = 0;
		};
/* End PBXResourcesBuildPhase section */

/* Begin PBXSourcesBuildPhase section */
		9E5D47D425B5FA77009F0C48 /* Sources */ = {
			isa = PBXSourcesBuildPhase;
			buildActionMask = 2147483647;
			files = (
				9EADBD5D25BC5D73001B4A97 /* ViewController.swift in Sources */,
				9E5D47DD25B5FA77009F0C48 /* AppDelegate.swift in Sources */,
			);
			runOnlyForDeploymentPostprocessing = 0;
		};
		9E5D47E625B5FA7B009F0C48 /* Sources */ = {
			isa = PBXSourcesBuildPhase;
			buildActionMask = 2147483647;
			files = (
				9E5D47EF25B5FA7B009F0C48 /* AuthAutofillTests.swift in Sources */,
			);
			runOnlyForDeploymentPostprocessing = 0;
		};
		9E5D47F125B5FA7B009F0C48 /* Sources */ = {
			isa = PBXSourcesBuildPhase;
			buildActionMask = 2147483647;
			files = (
				9E5D47FA25B5FA7B009F0C48 /* AuthAutofillUITests.swift in Sources */,
			);
			runOnlyForDeploymentPostprocessing = 0;
		};
		9E5D47FC25B5FA7B009F0C48 /* Sources */ = {
			isa = PBXSourcesBuildPhase;
			buildActionMask = 2147483647;
			files = (
				9E5D480925B5FA7B009F0C48 /* SafariWebExtensionHandler.swift in Sources */,
			);
			runOnlyForDeploymentPostprocessing = 0;
		};
/* End PBXSourcesBuildPhase section */

/* Begin PBXTargetDependency section */
		9E5D47EC25B5FA7B009F0C48 /* PBXTargetDependency */ = {
			isa = PBXTargetDependency;
			target = 9E5D47D725B5FA77009F0C48 /* AuthAutofill */;
			targetProxy = 9E5D47EB25B5FA7B009F0C48 /* PBXContainerItemProxy */;
		};
		9E5D47F725B5FA7B009F0C48 /* PBXTargetDependency */ = {
			isa = PBXTargetDependency;
			target = 9E5D47D725B5FA77009F0C48 /* AuthAutofill */;
			targetProxy = 9E5D47F625B5FA7B009F0C48 /* PBXContainerItemProxy */;
		};
		9E5D480325B5FA7B009F0C48 /* PBXTargetDependency */ = {
			isa = PBXTargetDependency;
			target = 9E5D47FF25B5FA7B009F0C48 /* AuthAutofill Extension */;
			targetProxy = 9E5D480225B5FA7B009F0C48 /* PBXContainerItemProxy */;
		};
/* End PBXTargetDependency section */

/* Begin XCBuildConfiguration section */
		9E5D481D25B5FA82009F0C48 /* Debug */ = {
			isa = XCBuildConfiguration;
			buildSettings = {
				ALWAYS_SEARCH_USER_PATHS = NO;
				CLANG_ANALYZER_LOCALIZABILITY_NONLOCALIZED = YES;
				CLANG_ANALYZER_NONNULL = YES;
				CLANG_ANALYZER_NUMBER_OBJECT_CONVERSION = YES_AGGRESSIVE;
				CLANG_CXX_LANGUAGE_STANDARD = "gnu++14";
				CLANG_CXX_LIBRARY = "libc++";
				CLANG_ENABLE_MODULES = YES;
				CLANG_ENABLE_OBJC_ARC = YES;
				CLANG_ENABLE_OBJC_WEAK = YES;
				CLANG_WARN_BLOCK_CAPTURE_AUTORELEASING = YES;
				CLANG_WARN_BOOL_CONVERSION = YES;
				CLANG_WARN_COMMA = YES;
				CLANG_WARN_CONSTANT_CONVERSION = YES;
				CLANG_WARN_DEPRECATED_OBJC_IMPLEMENTATIONS = YES;
				CLANG_WARN_DIRECT_OBJC_ISA_USAGE = YES_ERROR;
				CLANG_WARN_DOCUMENTATION_COMMENTS = YES;
				CLANG_WARN_EMPTY_BODY = YES;
				CLANG_WARN_ENUM_CONVERSION = YES;
				CLANG_WARN_INFINITE_RECURSION = YES;
				CLANG_WARN_INT_CONVERSION = YES;
				CLANG_WARN_NON_LITERAL_NULL_CONVERSION = YES;
				CLANG_WARN_OBJC_IMPLICIT_RETAIN_SELF = YES;
				CLANG_WARN_OBJC_LITERAL_CONVERSION = YES;
				CLANG_WARN_OBJC_ROOT_CLASS = YES_ERROR;
				CLANG_WARN_QUOTED_INCLUDE_IN_FRAMEWORK_HEADER = YES;
				CLANG_WARN_RANGE_LOOP_ANALYSIS = YES;
				CLANG_WARN_STRICT_PROTOTYPES = YES;
				CLANG_WARN_SUSPICIOUS_MOVE = YES;
				CLANG_WARN_UNGUARDED_AVAILABILITY = YES_AGGRESSIVE;
				CLANG_WARN_UNREACHABLE_CODE = YES;
				CLANG_WARN__DUPLICATE_METHOD_MATCH = YES;
				COPY_PHASE_STRIP = NO;
				DEBUG_INFORMATION_FORMAT = dwarf;
				ENABLE_STRICT_OBJC_MSGSEND = YES;
				ENABLE_TESTABILITY = YES;
				GCC_C_LANGUAGE_STANDARD = gnu11;
				GCC_DYNAMIC_NO_PIC = NO;
				GCC_NO_COMMON_BLOCKS = YES;
				GCC_OPTIMIZATION_LEVEL = 0;
				GCC_PREPROCESSOR_DEFINITIONS = (
					"DEBUG=1",
					"$(inherited)",
				);
				GCC_WARN_64_TO_32_BIT_CONVERSION = YES;
				GCC_WARN_ABOUT_RETURN_TYPE = YES_ERROR;
				GCC_WARN_UNDECLARED_SELECTOR = YES;
				GCC_WARN_UNINITIALIZED_AUTOS = YES_AGGRESSIVE;
				GCC_WARN_UNUSED_FUNCTION = YES;
				GCC_WARN_UNUSED_VARIABLE = YES;
				MACOSX_DEPLOYMENT_TARGET = 11.1;
				MTL_ENABLE_DEBUG_INFO = INCLUDE_SOURCE;
				MTL_FAST_MATH = YES;
				ONLY_ACTIVE_ARCH = YES;
				SDKROOT = macosx;
				SWIFT_ACTIVE_COMPILATION_CONDITIONS = DEBUG;
				SWIFT_OPTIMIZATION_LEVEL = "-Onone";
			};
			name = Debug;
		};
		9E5D481E25B5FA82009F0C48 /* Release */ = {
			isa = XCBuildConfiguration;
			buildSettings = {
				ALWAYS_SEARCH_USER_PATHS = NO;
				CLANG_ANALYZER_LOCALIZABILITY_NONLOCALIZED = YES;
				CLANG_ANALYZER_NONNULL = YES;
				CLANG_ANALYZER_NUMBER_OBJECT_CONVERSION = YES_AGGRESSIVE;
				CLANG_CXX_LANGUAGE_STANDARD = "gnu++14";
				CLANG_CXX_LIBRARY = "libc++";
				CLANG_ENABLE_MODULES = YES;
				CLANG_ENABLE_OBJC_ARC = YES;
				CLANG_ENABLE_OBJC_WEAK = YES;
				CLANG_WARN_BLOCK_CAPTURE_AUTORELEASING = YES;
				CLANG_WARN_BOOL_CONVERSION = YES;
				CLANG_WARN_COMMA = YES;
				CLANG_WARN_CONSTANT_CONVERSION = YES;
				CLANG_WARN_DEPRECATED_OBJC_IMPLEMENTATIONS = YES;
				CLANG_WARN_DIRECT_OBJC_ISA_USAGE = YES_ERROR;
				CLANG_WARN_DOCUMENTATION_COMMENTS = YES;
				CLANG_WARN_EMPTY_BODY = YES;
				CLANG_WARN_ENUM_CONVERSION = YES;
				CLANG_WARN_INFINITE_RECURSION = YES;
				CLANG_WARN_INT_CONVERSION = YES;
				CLANG_WARN_NON_LITERAL_NULL_CONVERSION = YES;
				CLANG_WARN_OBJC_IMPLICIT_RETAIN_SELF = YES;
				CLANG_WARN_OBJC_LITERAL_CONVERSION = YES;
				CLANG_WARN_OBJC_ROOT_CLASS = YES_ERROR;
				CLANG_WARN_QUOTED_INCLUDE_IN_FRAMEWORK_HEADER = YES;
				CLANG_WARN_RANGE_LOOP_ANALYSIS = YES;
				CLANG_WARN_STRICT_PROTOTYPES = YES;
				CLANG_WARN_SUSPICIOUS_MOVE = YES;
				CLANG_WARN_UNGUARDED_AVAILABILITY = YES_AGGRESSIVE;
				CLANG_WARN_UNREACHABLE_CODE = YES;
				CLANG_WARN__DUPLICATE_METHOD_MATCH = YES;
				COPY_PHASE_STRIP = NO;
				DEBUG_INFORMATION_FORMAT = "dwarf-with-dsym";
				ENABLE_NS_ASSERTIONS = NO;
				ENABLE_STRICT_OBJC_MSGSEND = YES;
				ENABLE_TESTABILITY = NO;
				GCC_C_LANGUAGE_STANDARD = gnu11;
				GCC_NO_COMMON_BLOCKS = YES;
				GCC_WARN_64_TO_32_BIT_CONVERSION = YES;
				GCC_WARN_ABOUT_RETURN_TYPE = YES_ERROR;
				GCC_WARN_UNDECLARED_SELECTOR = YES;
				GCC_WARN_UNINITIALIZED_AUTOS = YES_AGGRESSIVE;
				GCC_WARN_UNUSED_FUNCTION = YES;
				GCC_WARN_UNUSED_VARIABLE = YES;
				MACOSX_DEPLOYMENT_TARGET = 11.1;
				MTL_ENABLE_DEBUG_INFO = NO;
				MTL_FAST_MATH = YES;
				SDKROOT = macosx;
				SWIFT_COMPILATION_MODE = wholemodule;
				SWIFT_OPTIMIZATION_LEVEL = "-O";
			};
			name = Release;
		};
		9E5D482025B5FA82009F0C48 /* Debug */ = {
			isa = XCBuildConfiguration;
			buildSettings = {
				CODE_SIGN_ENTITLEMENTS = "AuthAutofill Extension/AuthAutofill_Extension.entitlements";
				CODE_SIGN_STYLE = Automatic;
				DEVELOPMENT_TEAM = 7WYMPDQCGP;
				INFOPLIST_FILE = "AuthAutofill Extension/Info.plist";
				LD_RUNPATH_SEARCH_PATHS = (
					"$(inherited)",
					"@executable_path/../Frameworks",
					"@executable_path/../../../../Frameworks",
				);
				MACOSX_DEPLOYMENT_TARGET = 10.14;
				PRODUCT_BUNDLE_IDENTIFIER = com.parkjeongseop.AuthAutofill.Extension;
				PRODUCT_NAME = "$(TARGET_NAME)";
				SKIP_INSTALL = YES;
				SWIFT_VERSION = 5.0;
			};
			name = Debug;
		};
		9E5D482125B5FA82009F0C48 /* Release */ = {
			isa = XCBuildConfiguration;
			buildSettings = {
				CODE_SIGN_ENTITLEMENTS = "AuthAutofill Extension/AuthAutofill_Extension.entitlements";
				CODE_SIGN_IDENTITY = "Apple Development";
				CODE_SIGN_STYLE = Automatic;
				DEVELOPMENT_TEAM = 7WYMPDQCGP;
				INFOPLIST_FILE = "AuthAutofill Extension/Info.plist";
				LD_RUNPATH_SEARCH_PATHS = (
					"$(inherited)",
					"@executable_path/../Frameworks",
					"@executable_path/../../../../Frameworks",
				);
				MACOSX_DEPLOYMENT_TARGET = 10.14;
				PRODUCT_BUNDLE_IDENTIFIER = com.parkjeongseop.AuthAutofill.Extension;
				PRODUCT_NAME = "$(TARGET_NAME)";
				SKIP_INSTALL = YES;
				SWIFT_VERSION = 5.0;
			};
			name = Release;
		};
		9E5D482425B5FA82009F0C48 /* Debug */ = {
			isa = XCBuildConfiguration;
			buildSettings = {
				ALWAYS_EMBED_SWIFT_STANDARD_LIBRARIES = YES;
				ASSETCATALOG_COMPILER_APPICON_NAME = AppIcon;
				ASSETCATALOG_COMPILER_GLOBAL_ACCENT_COLOR_NAME = AccentColor;
				CODE_SIGN_ENTITLEMENTS = AuthAutofill/AuthAutofill.entitlements;
				CODE_SIGN_IDENTITY = "Apple Development";
				CODE_SIGN_STYLE = Automatic;
				COMBINE_HIDPI_IMAGES = YES;
				DEVELOPMENT_TEAM = 7WYMPDQCGP;
				INFOPLIST_FILE = AuthAutofill/Info.plist;
				LD_RUNPATH_SEARCH_PATHS = (
					"$(inherited)",
					"@executable_path/../Frameworks",
				);
				MACOSX_DEPLOYMENT_TARGET = 10.14;
				MARKETING_VERSION = 0.0.4;
				PRODUCT_BUNDLE_IDENTIFIER = com.parkjeongseop.AuthAutofill;
				PRODUCT_NAME = "$(TARGET_NAME)";
				SWIFT_VERSION = 5.0;
			};
			name = Debug;
		};
		9E5D482525B5FA82009F0C48 /* Release */ = {
			isa = XCBuildConfiguration;
			buildSettings = {
				ALWAYS_EMBED_SWIFT_STANDARD_LIBRARIES = YES;
				ASSETCATALOG_COMPILER_APPICON_NAME = AppIcon;
				ASSETCATALOG_COMPILER_GLOBAL_ACCENT_COLOR_NAME = AccentColor;
				CODE_SIGN_ENTITLEMENTS = AuthAutofill/AuthAutofill.entitlements;
				CODE_SIGN_IDENTITY = "Apple Development";
				CODE_SIGN_STYLE = Automatic;
				COMBINE_HIDPI_IMAGES = YES;
				DEVELOPMENT_TEAM = 7WYMPDQCGP;
				INFOPLIST_FILE = AuthAutofill/Info.plist;
				LD_RUNPATH_SEARCH_PATHS = (
					"$(inherited)",
					"@executable_path/../Frameworks",
				);
				MACOSX_DEPLOYMENT_TARGET = 10.14;
				MARKETING_VERSION = 0.0.4;
				PRODUCT_BUNDLE_IDENTIFIER = com.parkjeongseop.AuthAutofill;
				PRODUCT_NAME = "$(TARGET_NAME)";
				PROVISIONING_PROFILE_SPECIFIER = "";
				SWIFT_VERSION = 5.0;
			};
			name = Release;
		};
		9E5D482725B5FA82009F0C48 /* Debug */ = {
			isa = XCBuildConfiguration;
			buildSettings = {
				ALWAYS_EMBED_SWIFT_STANDARD_LIBRARIES = YES;
				BUNDLE_LOADER = "$(TEST_HOST)";
				CODE_SIGN_STYLE = Automatic;
				COMBINE_HIDPI_IMAGES = YES;
				DEVELOPMENT_TEAM = 7WYMPDQCGP;
				INFOPLIST_FILE = AuthAutofillTests/Info.plist;
				LD_RUNPATH_SEARCH_PATHS = (
					"$(inherited)",
					"@executable_path/../Frameworks",
					"@loader_path/../Frameworks",
				);
				MACOSX_DEPLOYMENT_TARGET = 10.14;
				PRODUCT_BUNDLE_IDENTIFIER = com.parkjeongseop.AuthAutofillTests;
				PRODUCT_NAME = "$(TARGET_NAME)";
				SWIFT_VERSION = 5.0;
				TEST_HOST = "$(BUILT_PRODUCTS_DIR)/AuthAutofill.app/Contents/MacOS/AuthAutofill";
			};
			name = Debug;
		};
		9E5D482825B5FA82009F0C48 /* Release */ = {
			isa = XCBuildConfiguration;
			buildSettings = {
				ALWAYS_EMBED_SWIFT_STANDARD_LIBRARIES = YES;
				BUNDLE_LOADER = "$(TEST_HOST)";
				CODE_SIGN_STYLE = Automatic;
				COMBINE_HIDPI_IMAGES = YES;
				DEVELOPMENT_TEAM = 7WYMPDQCGP;
				INFOPLIST_FILE = AuthAutofillTests/Info.plist;
				LD_RUNPATH_SEARCH_PATHS = (
					"$(inherited)",
					"@executable_path/../Frameworks",
					"@loader_path/../Frameworks",
				);
				MACOSX_DEPLOYMENT_TARGET = 10.14;
				PRODUCT_BUNDLE_IDENTIFIER = com.parkjeongseop.AuthAutofillTests;
				PRODUCT_NAME = "$(TARGET_NAME)";
				SWIFT_VERSION = 5.0;
				TEST_HOST = "$(BUILT_PRODUCTS_DIR)/AuthAutofill.app/Contents/MacOS/AuthAutofill";
			};
			name = Release;
		};
		9E5D482A25B5FA82009F0C48 /* Debug */ = {
			isa = XCBuildConfiguration;
			buildSettings = {
				ALWAYS_EMBED_SWIFT_STANDARD_LIBRARIES = YES;
				CODE_SIGN_STYLE = Automatic;
				COMBINE_HIDPI_IMAGES = YES;
				DEVELOPMENT_TEAM = 7WYMPDQCGP;
				INFOPLIST_FILE = AuthAutofillUITests/Info.plist;
				LD_RUNPATH_SEARCH_PATHS = (
					"$(inherited)",
					"@executable_path/../Frameworks",
					"@loader_path/../Frameworks",
				);
				PRODUCT_BUNDLE_IDENTIFIER = com.parkjeongseop.AuthAutofillUITests;
				PRODUCT_NAME = "$(TARGET_NAME)";
				SWIFT_VERSION = 5.0;
				TEST_TARGET_NAME = AuthAutofill;
			};
			name = Debug;
		};
		9E5D482B25B5FA82009F0C48 /* Release */ = {
			isa = XCBuildConfiguration;
			buildSettings = {
				ALWAYS_EMBED_SWIFT_STANDARD_LIBRARIES = YES;
				CODE_SIGN_STYLE = Automatic;
				COMBINE_HIDPI_IMAGES = YES;
				DEVELOPMENT_TEAM = 7WYMPDQCGP;
				INFOPLIST_FILE = AuthAutofillUITests/Info.plist;
				LD_RUNPATH_SEARCH_PATHS = (
					"$(inherited)",
					"@executable_path/../Frameworks",
					"@loader_path/../Frameworks",
				);
				PRODUCT_BUNDLE_IDENTIFIER = com.parkjeongseop.AuthAutofillUITests;
				PRODUCT_NAME = "$(TARGET_NAME)";
				SWIFT_VERSION = 5.0;
				TEST_TARGET_NAME = AuthAutofill;
			};
			name = Release;
		};
/* End XCBuildConfiguration section */

/* Begin XCConfigurationList section */
		9E5D47D325B5FA77009F0C48 /* Build configuration list for PBXProject "AuthAutofill" */ = {
			isa = XCConfigurationList;
			buildConfigurations = (
				9E5D481D25B5FA82009F0C48 /* Debug */,
				9E5D481E25B5FA82009F0C48 /* Release */,
			);
			defaultConfigurationIsVisible = 0;
			defaultConfigurationName = Release;
		};
		9E5D481F25B5FA82009F0C48 /* Build configuration list for PBXNativeTarget "AuthAutofill Extension" */ = {
			isa = XCConfigurationList;
			buildConfigurations = (
				9E5D482025B5FA82009F0C48 /* Debug */,
				9E5D482125B5FA82009F0C48 /* Release */,
			);
			defaultConfigurationIsVisible = 0;
			defaultConfigurationName = Release;
		};
		9E5D482325B5FA82009F0C48 /* Build configuration list for PBXNativeTarget "AuthAutofill" */ = {
			isa = XCConfigurationList;
			buildConfigurations = (
				9E5D482425B5FA82009F0C48 /* Debug */,
				9E5D482525B5FA82009F0C48 /* Release */,
			);
			defaultConfigurationIsVisible = 0;
			defaultConfigurationName = Release;
		};
		9E5D482625B5FA82009F0C48 /* Build configuration list for PBXNativeTarget "AuthAutofillTests" */ = {
			isa = XCConfigurationList;
			buildConfigurations = (
				9E5D482725B5FA82009F0C48 /* Debug */,
				9E5D482825B5FA82009F0C48 /* Release */,
			);
			defaultConfigurationIsVisible = 0;
			defaultConfigurationName = Release;
		};
		9E5D482925B5FA82009F0C48 /* Build configuration list for PBXNativeTarget "AuthAutofillUITests" */ = {
			isa = XCConfigurationList;
			buildConfigurations = (
				9E5D482A25B5FA82009F0C48 /* Debug */,
				9E5D482B25B5FA82009F0C48 /* Release */,
			);
			defaultConfigurationIsVisible = 0;
			defaultConfigurationName = Release;
		};
/* End XCConfigurationList section */
	};
	rootObject = 9E5D47D025B5FA77009F0C48 /* Project object */;
}
